// !$*UTF8*$!
{
	archiveVersion = 1;
	classes = {
	};
	objectVersion = 50;
	objects = {

/* Begin PBXBuildFile section */
		1104848D2143EA270001E75F /* AppDelegate.swift in Sources */ = {isa = PBXBuildFile; fileRef = 1104848C2143EA270001E75F /* AppDelegate.swift */; };
		1104848F2143EA270001E75F /* ViewController.swift in Sources */ = {isa = PBXBuildFile; fileRef = 1104848E2143EA270001E75F /* ViewController.swift */; };
		110484922143EA270001E75F /* Main.storyboard in Resources */ = {isa = PBXBuildFile; fileRef = 110484902143EA270001E75F /* Main.storyboard */; };
		110484942143EA270001E75F /* Assets.xcassets in Resources */ = {isa = PBXBuildFile; fileRef = 110484932143EA270001E75F /* Assets.xcassets */; };
		110484972143EA270001E75F /* LaunchScreen.storyboard in Resources */ = {isa = PBXBuildFile; fileRef = 110484952143EA270001E75F /* LaunchScreen.storyboard */; };
		110484A72143F7C90001E75F /* TagCollectionViewCell.swift in Sources */ = {isa = PBXBuildFile; fileRef = 110484A52143F7C90001E75F /* TagCollectionViewCell.swift */; };
		110484A82143F7C90001E75F /* TagCollectionViewCell.xib in Resources */ = {isa = PBXBuildFile; fileRef = 110484A62143F7C90001E75F /* TagCollectionViewCell.xib */; };
		118B7B412144F2770097111D /* TagCellLayout.swift in Sources */ = {isa = PBXBuildFile; fileRef = 118B7B402144F2770097111D /* TagCellLayout.swift */; };
		118B7B432144F8760097111D /* LayoutAlignment.swift in Sources */ = {isa = PBXBuildFile; fileRef = 118B7B422144F8760097111D /* LayoutAlignment.swift */; };
		118B7B452144F8990097111D /* TagCellLayoutDelegate.swift in Sources */ = {isa = PBXBuildFile; fileRef = 118B7B442144F8990097111D /* TagCellLayoutDelegate.swift */; };
		118B7B472144F8A00097111D /* LayoutInfo.swift in Sources */ = {isa = PBXBuildFile; fileRef = 118B7B462144F8A00097111D /* LayoutInfo.swift */; };
/* End PBXBuildFile section */

/* Begin PBXFileReference section */
		110484892143EA270001E75F /* TagCollectionVew.app */ = {isa = PBXFileReference; explicitFileType = wrapper.application; includeInIndex = 0; path = TagCollectionVew.app; sourceTree = BUILT_PRODUCTS_DIR; };
		1104848C2143EA270001E75F /* AppDelegate.swift */ = {isa = PBXFileReference; lastKnownFileType = sourcecode.swift; path = AppDelegate.swift; sourceTree = "<group>"; };
		1104848E2143EA270001E75F /* ViewController.swift */ = {isa = PBXFileReference; lastKnownFileType = sourcecode.swift; path = ViewController.swift; sourceTree = "<group>"; };
		110484912143EA270001E75F /* Base */ = {isa = PBXFileReference; lastKnownFileType = file.storyboard; name = Base; path = Base.lproj/Main.storyboard; sourceTree = "<group>"; };
		110484932143EA270001E75F /* Assets.xcassets */ = {isa = PBXFileReference; lastKnownFileType = folder.assetcatalog; path = Assets.xcassets; sourceTree = "<group>"; };
		110484962143EA270001E75F /* Base */ = {isa = PBXFileReference; lastKnownFileType = file.storyboard; name = Base; path = Base.lproj/LaunchScreen.storyboard; sourceTree = "<group>"; };
		110484982143EA270001E75F /* Info.plist */ = {isa = PBXFileReference; lastKnownFileType = text.plist.xml; path = Info.plist; sourceTree = "<group>"; };
		110484A52143F7C90001E75F /* TagCollectionViewCell.swift */ = {isa = PBXFileReference; lastKnownFileType = sourcecode.swift; path = TagCollectionViewCell.swift; sourceTree = "<group>"; };
		110484A62143F7C90001E75F /* TagCollectionViewCell.xib */ = {isa = PBXFileReference; lastKnownFileType = file.xib; path = TagCollectionViewCell.xib; sourceTree = "<group>"; };
		118B7B402144F2770097111D /* TagCellLayout.swift */ = {isa = PBXFileReference; lastKnownFileType = sourcecode.swift; path = TagCellLayout.swift; sourceTree = "<group>"; };
		118B7B422144F8760097111D /* LayoutAlignment.swift */ = {isa = PBXFileReference; fileEncoding = 4; lastKnownFileType = sourcecode.swift; path = LayoutAlignment.swift; sourceTree = "<group>"; };
		118B7B442144F8990097111D /* TagCellLayoutDelegate.swift */ = {isa = PBXFileReference; fileEncoding = 4; lastKnownFileType = sourcecode.swift; path = TagCellLayoutDelegate.swift; sourceTree = "<group>"; };
		118B7B462144F8A00097111D /* LayoutInfo.swift */ = {isa = PBXFileReference; fileEncoding = 4; lastKnownFileType = sourcecode.swift; path = LayoutInfo.swift; sourceTree = "<group>"; };
/* End PBXFileReference section */

/* Begin PBXFrameworksBuildPhase section */
		110484862143EA270001E75F /* Frameworks */ = {
			isa = PBXFrameworksBuildPhase;
			buildActionMask = 2147483647;
			files = (
			);
			runOnlyForDeploymentPostprocessing = 0;
		};
/* End PBXFrameworksBuildPhase section */

/* Begin PBXGroup section */
		110484802143EA270001E75F = {
			isa = PBXGroup;
			children = (
				1104848B2143EA270001E75F /* TagCollectionVew */,
				1104848A2143EA270001E75F /* Products */,
			);
			sourceTree = "<group>";
		};
		1104848A2143EA270001E75F /* Products */ = {
			isa = PBXGroup;
			children = (
				110484892143EA270001E75F /* TagCollectionVew.app */,
			);
			name = Products;
			sourceTree = "<group>";
		};
		1104848B2143EA270001E75F /* TagCollectionVew */ = {
			isa = PBXGroup;
			children = (
				1104848C2143EA270001E75F /* AppDelegate.swift */,
				1104848E2143EA270001E75F /* ViewController.swift */,
				1104849E2143ED0D0001E75F /* cell */,
				110484902143EA270001E75F /* Main.storyboard */,
				110484932143EA270001E75F /* Assets.xcassets */,
				110484952143EA270001E75F /* LaunchScreen.storyboard */,
				110484982143EA270001E75F /* Info.plist */,
				118B7B402144F2770097111D /* TagCellLayout.swift */,
				118B7B422144F8760097111D /* LayoutAlignment.swift */,
				118B7B442144F8990097111D /* TagCellLayoutDelegate.swift */,
				118B7B462144F8A00097111D /* LayoutInfo.swift */,
			);
			path = TagCollectionVew;
			sourceTree = "<group>";
		};
		1104849E2143ED0D0001E75F /* cell */ = {
			isa = PBXGroup;
			children = (
				110484A52143F7C90001E75F /* TagCollectionViewCell.swift */,
				110484A62143F7C90001E75F /* TagCollectionViewCell.xib */,
			);
			path = cell;
			sourceTree = "<group>";
		};
/* End PBXGroup section */

/* Begin PBXNativeTarget section */
		110484882143EA270001E75F /* TagCollectionVew */ = {
			isa = PBXNativeTarget;
			buildConfigurationList = 1104849B2143EA270001E75F /* Build configuration list for PBXNativeTarget "TagCollectionVew" */;
			buildPhases = (
				110484852143EA270001E75F /* Sources */,
				110484862143EA270001E75F /* Frameworks */,
				110484872143EA270001E75F /* Resources */,
			);
			buildRules = (
			);
			dependencies = (
			);
			name = TagCollectionVew;
			productName = TagCollectionVew;
			productReference = 110484892143EA270001E75F /* TagCollectionVew.app */;
			productType = "com.apple.product-type.application";
		};
/* End PBXNativeTarget section */

/* Begin PBXProject section */
		110484812143EA270001E75F /* Project object */ = {
			isa = PBXProject;
			attributes = {
				LastSwiftUpdateCheck = 0940;
				LastUpgradeCheck = 0940;
				ORGANIZATIONNAME = Mahdi;
				TargetAttributes = {
					110484882143EA270001E75F = {
						CreatedOnToolsVersion = 9.4.1;
					};
				};
			};
			buildConfigurationList = 110484842143EA270001E75F /* Build configuration list for PBXProject "TagCollectionVew" */;
			compatibilityVersion = "Xcode 9.3";
			developmentRegion = en;
			hasScannedForEncodings = 0;
			knownRegions = (
				en,
				Base,
			);
			mainGroup = 110484802143EA270001E75F;
			productRefGroup = 1104848A2143EA270001E75F /* Products */;
			projectDirPath = "";
			projectRoot = "";
			targets = (
				110484882143EA270001E75F /* TagCollectionVew */,
			);
		};
/* End PBXProject section */

/* Begin PBXResourcesBuildPhase section */
		110484872143EA270001E75F /* Resources */ = {
			isa = PBXResourcesBuildPhase;
			buildActionMask = 2147483647;
			files = (
				110484972143EA270001E75F /* LaunchScreen.storyboard in Resources */,
				110484A82143F7C90001E75F /* TagCollectionViewCell.xib in Resources */,
				110484942143EA270001E75F /* Assets.xcassets in Resources */,
				110484922143EA270001E75F /* Main.storyboard in Resources */,
			);
			runOnlyForDeploymentPostprocessing = 0;
		};
/* End PBXResourcesBuildPhase section */

/* Begin PBXSourcesBuildPhase section */
		110484852143EA270001E75F /* Sources */ = {
			isa = PBXSourcesBuildPhase;
			buildActionMask = 2147483647;
			files = (
				118B7B412144F2770097111D /* TagCellLayout.swift in Sources */,
				118B7B452144F8990097111D /* TagCellLayoutDelegate.swift in Sources */,
				118B7B472144F8A00097111D /* LayoutInfo.swift in Sources */,
				110484A72143F7C90001E75F /* TagCollectionViewCell.swift in Sources */,
				1104848F2143EA270001E75F /* ViewController.swift in Sources */,
				118B7B432144F8760097111D /* LayoutAlignment.swift in Sources */,
				1104848D2143EA270001E75F /* AppDelegate.swift in Sources */,
			);
			runOnlyForDeploymentPostprocessing = 0;
		};
/* End PBXSourcesBuildPhase section */

/* Begin PBXVariantGroup section */
		110484902143EA270001E75F /* Main.storyboard */ = {
			isa = PBXVariantGroup;
			children = (
				110484912143EA270001E75F /* Base */,
			);
			name = Main.storyboard;
			sourceTree = "<group>";
		};
		110484952143EA270001E75F /* LaunchScreen.storyboard */ = {
			isa = PBXVariantGroup;
			children = (
				110484962143EA270001E75F /* Base */,
			);
			name = LaunchScreen.storyboard;
			sourceTree = "<group>";
		};
/* End PBXVariantGroup section */

/* Begin XCBuildConfiguration section */
		110484992143EA270001E75F /* Debug */ = {
			isa = XCBuildConfiguration;
			buildSettings = {
				ALWAYS_SEARCH_USER_PATHS = NO;
				CLANG_ANALYZER_NONNULL = YES;
				CLANG_ANALYZER_NUMBER_OBJECT_CONVERSION = YES_AGGRESSIVE;
				CLANG_CXX_LANGUAGE_STANDARD = "gnu++14";
				CLANG_CXX_LIBRARY = "libc++";
				CLANG_ENABLE_MODULES = YES;
				CLANG_ENABLE_OBJC_ARC = YES;
				CLANG_ENABLE_OBJC_WEAK = YES;
				CLANG_WARN_BLOCK_CAPTURE_AUTORELEASING = YES;
				CLANG_WARN_BOOL_CONVERSION = YES;
				CLANG_WARN_COMMA = YES;
				CLANG_WARN_CONSTANT_CONVERSION = YES;
				CLANG_WARN_DEPRECATED_OBJC_IMPLEMENTATIONS = YES;
				CLANG_WARN_DIRECT_OBJC_ISA_USAGE = YES_ERROR;
				CLANG_WARN_DOCUMENTATION_COMMENTS = YES;
				CLANG_WARN_EMPTY_BODY = YES;
				CLANG_WARN_ENUM_CONVERSION = YES;
				CLANG_WARN_INFINITE_RECURSION = YES;
				CLANG_WARN_INT_CONVERSION = YES;
				CLANG_WARN_NON_LITERAL_NULL_CONVERSION = YES;
				CLANG_WARN_OBJC_IMPLICIT_RETAIN_SELF = YES;
				CLANG_WARN_OBJC_LITERAL_CONVERSION = YES;
				CLANG_WARN_OBJC_ROOT_CLASS = YES_ERROR;
				CLANG_WARN_RANGE_LOOP_ANALYSIS = YES;
				CLANG_WARN_STRICT_PROTOTYPES = YES;
				CLANG_WARN_SUSPICIOUS_MOVE = YES;
				CLANG_WARN_UNGUARDED_AVAILABILITY = YES_AGGRESSIVE;
				CLANG_WARN_UNREACHABLE_CODE = YES;
				CLANG_WARN__DUPLICATE_METHOD_MATCH = YES;
				CODE_SIGN_IDENTITY = "iPhone Developer";
				COPY_PHASE_STRIP = NO;
				DEBUG_INFORMATION_FORMAT = dwarf;
				ENABLE_STRICT_OBJC_MSGSEND = YES;
				ENABLE_TESTABILITY = YES;
				GCC_C_LANGUAGE_STANDARD = gnu11;
				GCC_DYNAMIC_NO_PIC = NO;
				GCC_NO_COMMON_BLOCKS = YES;
				GCC_OPTIMIZATION_LEVEL = 0;
				GCC_PREPROCESSOR_DEFINITIONS = (
					"DEBUG=1",
					"$(inherited)",
				);
				GCC_WARN_64_TO_32_BIT_CONVERSION = YES;
				GCC_WARN_ABOUT_RETURN_TYPE = YES_ERROR;
				GCC_WARN_UNDECLARED_SELECTOR = YES;
				GCC_WARN_UNINITIALIZED_AUTOS = YES_AGGRESSIVE;
				GCC_WARN_UNUSED_FUNCTION = YES;
				GCC_WARN_UNUSED_VARIABLE = YES;
				IPHONEOS_DEPLOYMENT_TARGET = 11.4;
				MTL_ENABLE_DEBUG_INFO = YES;
				ONLY_ACTIVE_ARCH = YES;
				SDKROOT = iphoneos;
				SWIFT_ACTIVE_COMPILATION_CONDITIONS = DEBUG;
				SWIFT_OPTIMIZATION_LEVEL = "-Onone";
			};
			name = Debug;
		};
		1104849A2143EA270001E75F /* Release */ = {
			isa = XCBuildConfiguration;
			buildSettings = {
				ALWAYS_SEARCH_USER_PATHS = NO;
				CLANG_ANALYZER_NONNULL = YES;
				CLANG_ANALYZER_NUMBER_OBJECT_CONVERSION = YES_AGGRESSIVE;
				CLANG_CXX_LANGUAGE_STANDARD = "gnu++14";
				CLANG_CXX_LIBRARY = "libc++";
				CLANG_ENABLE_MODULES = YES;
				CLANG_ENABLE_OBJC_ARC = YES;
				CLANG_ENABLE_OBJC_WEAK = YES;
				CLANG_WARN_BLOCK_CAPTURE_AUTORELEASING = YES;
				CLANG_WARN_BOOL_CONVERSION = YES;
				CLANG_WARN_COMMA = YES;
				CLANG_WARN_CONSTANT_CONVERSION = YES;
				CLANG_WARN_DEPRECATED_OBJC_IMPLEMENTATIONS = YES;
				CLANG_WARN_DIRECT_OBJC_ISA_USAGE = YES_ERROR;
				CLANG_WARN_DOCUMENTATION_COMMENTS = YES;
				CLANG_WARN_EMPTY_BODY = YES;
				CLANG_WARN_ENUM_CONVERSION = YES;
				CLANG_WARN_INFINITE_RECURSION = YES;
				CLANG_WARN_INT_CONVERSION = YES;
				CLANG_WARN_NON_LITERAL_NULL_CONVERSION = YES;
				CLANG_WARN_OBJC_IMPLICIT_RETAIN_SELF = YES;
				CLANG_WARN_OBJC_LITERAL_CONVERSION = YES;
				CLANG_WARN_OBJC_ROOT_CLASS = YES_ERROR;
				CLANG_WARN_RANGE_LOOP_ANALYSIS = YES;
				CLANG_WARN_STRICT_PROTOTYPES = YES;
				CLANG_WARN_SUSPICIOUS_MOVE = YES;
				CLANG_WARN_UNGUARDED_AVAILABILITY = YES_AGGRESSIVE;
				CLANG_WARN_UNREACHABLE_CODE = YES;
				CLANG_WARN__DUPLICATE_METHOD_MATCH = YES;
				CODE_SIGN_IDENTITY = "iPhone Developer";
				COPY_PHASE_STRIP = NO;
				DEBUG_INFORMATION_FORMAT = "dwarf-with-dsym";
				ENABLE_NS_ASSERTIONS = NO;
				ENABLE_STRICT_OBJC_MSGSEND = YES;
				GCC_C_LANGUAGE_STANDARD = gnu11;
				GCC_NO_COMMON_BLOCKS = YES;
				GCC_WARN_64_TO_32_BIT_CONVERSION = YES;
				GCC_WARN_ABOUT_RETURN_TYPE = YES_ERROR;
				GCC_WARN_UNDECLARED_SELECTOR = YES;
				GCC_WARN_UNINITIALIZED_AUTOS = YES_AGGRESSIVE;
				GCC_WARN_UNUSED_FUNCTION = YES;
				GCC_WARN_UNUSED_VARIABLE = YES;
				IPHONEOS_DEPLOYMENT_TARGET = 11.4;
				MTL_ENABLE_DEBUG_INFO = NO;
				SDKROOT = iphoneos;
				SWIFT_COMPILATION_MODE = wholemodule;
				SWIFT_OPTIMIZATION_LEVEL = "-O";
				VALIDATE_PRODUCT = YES;
			};
			name = Release;
		};
		1104849C2143EA270001E75F /* Debug */ = {
			isa = XCBuildConfiguration;
			buildSettings = {
				ASSETCATALOG_COMPILER_APPICON_NAME = AppIcon;
				CODE_SIGN_STYLE = Automatic;
				DEVELOPMENT_TEAM = 4DN3REULM3;
				INFOPLIST_FILE = TagCollectionVew/Info.plist;
				LD_RUNPATH_SEARCH_PATHS = (
					"$(inherited)",
					"@executable_path/Frameworks",
				);
				PRODUCT_BUNDLE_IDENTIFIER = mahdi.TagCollectionVew;
				PRODUCT_NAME = "$(TARGET_NAME)";
				SWIFT_VERSION = 4.0;
				TARGETED_DEVICE_FAMILY = "1,2";
			};
			name = Debug;
		};
		1104849D2143EA270001E75F /* Release */ = {
			isa = XCBuildConfiguration;
			buildSettings = {
				ASSETCATALOG_COMPILER_APPICON_NAME = AppIcon;
				CODE_SIGN_STYLE = Automatic;
				DEVELOPMENT_TEAM = 4DN3REULM3;
				INFOPLIST_FILE = TagCollectionVew/Info.plist;
				LD_RUNPATH_SEARCH_PATHS = (
					"$(inherited)",
					"@executable_path/Frameworks",
				);
				PRODUCT_BUNDLE_IDENTIFIER = mahdi.TagCollectionVew;
				PRODUCT_NAME = "$(TARGET_NAME)";
				SWIFT_VERSION = 4.0;
				TARGETED_DEVICE_FAMILY = "1,2";
			};
			name = Release;
		};
/* End XCBuildConfiguration section */

/* Begin XCConfigurationList section */
		110484842143EA270001E75F /* Build configuration list for PBXProject "TagCollectionVew" */ = {
			isa = XCConfigurationList;
			buildConfigurations = (
				110484992143EA270001E75F /* Debug */,
				1104849A2143EA270001E75F /* Release */,
			);
			defaultConfigurationIsVisible = 0;
			defaultConfigurationName = Release;
		};
		1104849B2143EA270001E75F /* Build configuration list for PBXNativeTarget "TagCollectionVew" */ = {
			isa = XCConfigurationList;
			buildConfigurations = (
				1104849C2143EA270001E75F /* Debug */,
				1104849D2143EA270001E75F /* Release */,
			);
			defaultConfigurationIsVisible = 0;
			defaultConfigurationName = Release;
		};
/* End XCConfigurationList section */
	};
	rootObject = 110484812143EA270001E75F /* Project object */;
}
